
Microsoft Visual Studio Solution File, Format Version 12.00
# Visual Studio Version 16
VisualStudioVersion = 16.0.30611.23
MinimumVisualStudioVersion = 15.0.26124.0
Project("{2150E333-8FDC-42A3-9474-1A3956D46DE8}") = "domain", "domain", "{DA9C1D39-A212-4D66-98DE-625724491377}"
EndProject
Project("{9A19103F-16F7-4668-BE54-9A1E7A4F7556}") = "Store", "domain\Store\Store.csproj", "{A76FF6CA-8534-4185-BBFF-1BCA1859E343}"
EndProject
Project("{2150E333-8FDC-42A3-9474-1A3956D46DE8}") = "infrastucture", "infrastucture", "{5BEFA7B4-8BCA-4223-B110-CF62F2989BAB}"
EndProject
Project("{FAE04EC0-301F-11D3-BF4B-00C04F79EFBC}") = "Store.Memory", "infrastucture\Store.Memory\Store.Memory.csproj", "{28D33379-4B3C-4D29-856D-A1CBE676B6E6}"
EndProject
Global
	GlobalSection(SolutionConfigurationPlatforms) = preSolution
		Debug|Any CPU = Debug|Any CPU
		Debug|x64 = Debug|x64
		Debug|x86 = Debug|x86
		Release|Any CPU = Release|Any CPU
		Release|x64 = Release|x64
		Release|x86 = Release|x86
	EndGlobalSection
	GlobalSection(ProjectConfigurationPlatforms) = postSolution
		{A76FF6CA-8534-4185-BBFF-1BCA1859E343}.Debug|Any CPU.ActiveCfg = Debug|Any CPU
		{A76FF6CA-8534-4185-BBFF-1BCA1859E343}.Debug|Any CPU.Build.0 = Debug|Any CPU
		{A76FF6CA-8534-4185-BBFF-1BCA1859E343}.Debug|x64.ActiveCfg = Debug|Any CPU
		{A76FF6CA-8534-4185-BBFF-1BCA1859E343}.Debug|x64.Build.0 = Debug|Any CPU
		{A76FF6CA-8534-4185-BBFF-1BCA1859E343}.Debug|x86.ActiveCfg = Debug|Any CPU
		{A76FF6CA-8534-4185-BBFF-1BCA1859E343}.Debug|x86.Build.0 = Debug|Any CPU
		{A76FF6CA-8534-4185-BBFF-1BCA1859E343}.Release|Any CPU.ActiveCfg = Release|Any CPU
		{A76FF6CA-8534-4185-BBFF-1BCA1859E343}.Release|Any CPU.Build.0 = Release|Any CPU
		{A76FF6CA-8534-4185-BBFF-1BCA1859E343}.Release|x64.ActiveCfg = Release|Any CPU
		{A76FF6CA-8534-4185-BBFF-1BCA1859E343}.Release|x64.Build.0 = Release|Any CPU
		{A76FF6CA-8534-4185-BBFF-1BCA1859E343}.Release|x86.ActiveCfg = Release|Any CPU
		{A76FF6CA-8534-4185-BBFF-1BCA1859E343}.Release|x86.Build.0 = Release|Any CPU
		{28D33379-4B3C-4D29-856D-A1CBE676B6E6}.Debug|Any CPU.ActiveCfg = Debug|Any CPU
		{28D33379-4B3C-4D29-856D-A1CBE676B6E6}.Debug|Any CPU.Build.0 = Debug|Any CPU
		{28D33379-4B3C-4D29-856D-A1CBE676B6E6}.Debug|x64.ActiveCfg = Debug|Any CPU
		{28D33379-4B3C-4D29-856D-A1CBE676B6E6}.Debug|x64.Build.0 = Debug|Any CPU
		{28D33379-4B3C-4D29-856D-A1CBE676B6E6}.Debug|x86.ActiveCfg = Debug|Any CPU
		{28D33379-4B3C-4D29-856D-A1CBE676B6E6}.Debug|x86.Build.0 = Debug|Any CPU
		{28D33379-4B3C-4D29-856D-A1CBE676B6E6}.Release|Any CPU.ActiveCfg = Release|Any CPU
		{28D33379-4B3C-4D29-856D-A1CBE676B6E6}.Release|Any CPU.Build.0 = Release|Any CPU
		{28D33379-4B3C-4D29-856D-A1CBE676B6E6}.Release|x64.ActiveCfg = Release|Any CPU
		{28D33379-4B3C-4D29-856D-A1CBE676B6E6}.Release|x64.Build.0 = Release|Any CPU
		{28D33379-4B3C-4D29-856D-A1CBE676B6E6}.Release|x86.ActiveCfg = Release|Any CPU
		{28D33379-4B3C-4D29-856D-A1CBE676B6E6}.Release|x86.Build.0 = Release|Any CPU
	EndGlobalSection
	GlobalSection(SolutionProperties) = preSolution
		HideSolutionNode = FALSE
	EndGlobalSection
	GlobalSection(NestedProjects) = preSolution
		{A76FF6CA-8534-4185-BBFF-1BCA1859E343} = {DA9C1D39-A212-4D66-98DE-625724491377}
		{28D33379-4B3C-4D29-856D-A1CBE676B6E6} = {5BEFA7B4-8BCA-4223-B110-CF62F2989BAB}
	EndGlobalSection
	GlobalSection(ExtensibilityGlobals) = postSolution
		SolutionGuid = {58D27249-FD65-4F1E-9D6F-8364FD1B9911}
	EndGlobalSection
EndGlobal
